# This file is @generated by PDM.
# It is not intended for manual editing.

[metadata]
groups = ["default"]
strategy = ["cross_platform", "inherit_metadata"]
lock_version = "4.4.2"
content_hash = "sha256:e9b20467b0244dc3735577e756a122703356e9d3366d8f2140ae0739af1caabe"

[[package]]
name = "absl-py"
version = "2.1.0"
requires_python = ">=3.7"
summary = "Abseil Python Common Libraries, see https://github.com/abseil/abseil-py."
groups = ["default"]
files = [
    {file = "absl-py-2.1.0.tar.gz", hash = "sha256:7820790efbb316739cde8b4e19357243fc3608a152024288513dd968d7d959ff"},
    {file = "absl_py-2.1.0-py3-none-any.whl", hash = "sha256:526a04eadab8b4ee719ce68f204172ead1027549089702d99b9059f129ff1308"},
]

[[package]]
name = "annotated-types"
version = "0.7.0"
requires_python = ">=3.8"
summary = "Reusable constraint types to use with typing.Annotated"
groups = ["default"]
files = [
    {file = "annotated_types-0.7.0-py3-none-any.whl", hash = "sha256:1f02e8b43a8fbbc3f3e0d4f0f4bfc8131bcb4eebe8849b8e5c773f3a1c582a53"},
    {file = "annotated_types-0.7.0.tar.gz", hash = "sha256:aff07c09a53a08bc8cfccb9c85b05f1aa9a2a6f23728d790723543408344ce89"},
]

[[package]]
name = "blackjax"
version = "1.2.2"
requires_python = ">=3.9"
summary = "Flexible and fast sampling in Python"
groups = ["default"]
dependencies = [
    "fastprogress>=1.0.0",
    "jax>=0.4.16",
    "jaxlib>=0.4.16",
    "jaxopt>=0.8",
    "optax>=0.1.7",
    "typing-extensions>=4.4.0",
]
files = [
    {file = "blackjax-1.2.2-py3-none-any.whl", hash = "sha256:25ef1e9a85723e2bb81b3e3d5cc0ce18c07fa4b8d2991a80a12b505abb54da30"},
    {file = "blackjax-1.2.2.tar.gz", hash = "sha256:a786dabab9b6b76df57dabcaa1eaa8f493e3c767d25949597aea6bd4f8c635e6"},
]

[[package]]
name = "chex"
version = "0.1.86"
requires_python = ">=3.9"
summary = "Chex: Testing made fun, in JAX!"
groups = ["default"]
dependencies = [
    "absl-py>=0.9.0",
    "jax>=0.4.16",
    "jaxlib>=0.1.37",
    "numpy>=1.24.1",
    "setuptools; python_version >= \"3.12\"",
    "toolz>=0.9.0",
    "typing-extensions>=4.2.0",
]
files = [
    {file = "chex-0.1.86-py3-none-any.whl", hash = "sha256:251c20821092323a3d9c28e1cf80e4a58180978bec368f531949bd9847eee568"},
    {file = "chex-0.1.86.tar.gz", hash = "sha256:e8b0f96330eba4144659e1617c0f7a57b161e8cbb021e55c6d5056c7378091d1"},
]

[[package]]
name = "diffrax"
version = "0.6.0"
requires_python = "~=3.9"
summary = "GPU+autodiff-capable ODE/SDE/CDE solvers written in JAX."
groups = ["default"]
dependencies = [
    "equinox>=0.11.2",
    "jax>=0.4.28",
    "jaxtyping>=0.2.24",
    "lineax>=0.0.5",
    "optimistix>=0.0.7",
    "typeguard==2.13.3",
    "typing-extensions>=4.5.0",
]
files = [
    {file = "diffrax-0.6.0-py3-none-any.whl", hash = "sha256:7a59a796fd91e9c1cb20c37696c9f758681a3f24e72ff354a5a6aa335d3cde3a"},
    {file = "diffrax-0.6.0.tar.gz", hash = "sha256:937207070bd7fdfe99178e23ec1787a630df7e3969b381e072ca6a14f5e2f3d3"},
]

[[package]]
name = "equinox"
version = "0.11.4"
requires_python = "~=3.9"
summary = "Elegant easy-to-use neural networks in JAX."
groups = ["default"]
dependencies = [
    "jax>=0.4.13",
    "jaxtyping>=0.2.20",
    "typing-extensions>=4.5.0",
]
files = [
    {file = "equinox-0.11.4-py3-none-any.whl", hash = "sha256:a9527b1fe0c4778c3c959d9091b1eea28c3fdcca01790a47e71b47df94889315"},
    {file = "equinox-0.11.4.tar.gz", hash = "sha256:0033d9731083f402a855b12a0777a80aa8507651f7aa86d9f0f9503bcddfd320"},
]

[[package]]
name = "fastprogress"
version = "1.0.3"
requires_python = ">=3.6"
summary = "A nested progress with plotting options for fastai"
groups = ["default"]
files = [
    {file = "fastprogress-1.0.3-py3-none-any.whl", hash = "sha256:6dfea88f7a4717b0a8d6ee2048beae5dbed369f932a368c5dd9caff34796f7c5"},
    {file = "fastprogress-1.0.3.tar.gz", hash = "sha256:7a17d2b438890f838c048eefce32c4ded47197ecc8ea042cecc33d3deb8022f5"},
]

[[package]]
name = "jax"
version = "0.4.30"
requires_python = ">=3.9"
summary = "Differentiate, compile, and transform Numpy code."
groups = ["default"]
dependencies = [
    "jaxlib<=0.4.30,>=0.4.27",
    "ml-dtypes>=0.2.0",
    "numpy>=1.22",
    "numpy>=1.23.2; python_version >= \"3.11\"",
    "numpy>=1.26.0; python_version >= \"3.12\"",
    "opt-einsum",
    "scipy>=1.11.1; python_version >= \"3.12\"",
    "scipy>=1.9",
]
files = [
    {file = "jax-0.4.30-py3-none-any.whl", hash = "sha256:289b30ae03b52f7f4baf6ef082a9f4e3e29c1080e22d13512c5ecf02d5f1a55b"},
    {file = "jax-0.4.30.tar.gz", hash = "sha256:94d74b5b2db0d80672b61d83f1f63ebf99d2ab7398ec12b2ca0c9d1e97afe577"},
]

[[package]]
name = "jaxlib"
version = "0.4.30"
requires_python = ">=3.9"
summary = "XLA library for JAX"
groups = ["default"]
dependencies = [
    "ml-dtypes>=0.2.0",
    "numpy>=1.22",
    "scipy>=1.11.1; python_version >= \"3.12\"",
    "scipy>=1.9",
]
files = [
    {file = "jaxlib-0.4.30-cp312-cp312-macosx_10_14_x86_64.whl", hash = "sha256:7704db5962b32a2be3cc07185433cbbcc94ed90ee50c84021a3f8a1ecfd66ee3"},
    {file = "jaxlib-0.4.30-cp312-cp312-macosx_11_0_arm64.whl", hash = "sha256:57090d33477fd0f0c99dc686274882ea75c44c7d712ae42dd2460b10f896131d"},
    {file = "jaxlib-0.4.30-cp312-cp312-manylinux2014_aarch64.whl", hash = "sha256:0a3850e76278038e21685975a62b622bcf3708485f13125757a0561ee4512940"},
    {file = "jaxlib-0.4.30-cp312-cp312-manylinux2014_x86_64.whl", hash = "sha256:c58a8071c4e00898282118169f6a5a97eb15a79c2897858f3a732b17891c99ab"},
    {file = "jaxlib-0.4.30-cp312-cp312-win_amd64.whl", hash = "sha256:b7079a5b1ab6864a7d4f2afaa963841451186d22c90f39719a3ff85735ce3915"},
]

[[package]]
name = "jaxopt"
version = "0.8.3"
summary = "Hardware accelerated, batchable and differentiable optimizers in JAX."
groups = ["default"]
dependencies = [
    "jax>=0.2.18",
    "jaxlib>=0.1.69",
    "numpy>=1.18.4",
    "scipy>=1.0.0",
]
files = [
    {file = "jaxopt-0.8.3-py3-none-any.whl", hash = "sha256:4be2f82798393682529c9ca5046e5397ac6c8657b8acb6bf275e773b28df15b6"},
    {file = "jaxopt-0.8.3.tar.gz", hash = "sha256:4b06dfa6f915a4f3291699606245af6069371a48dc5c92d4c507840d62990646"},
]

[[package]]
name = "jaxtyping"
version = "0.2.31"
requires_python = "~=3.9"
summary = "Type annotations and runtime checking for shape and dtype of JAX arrays, and PyTrees."
groups = ["default"]
dependencies = [
    "typeguard==2.13.3",
]
files = [
    {file = "jaxtyping-0.2.31-py3-none-any.whl", hash = "sha256:04ed0e16ad4327270c8832334aa5d06176f475f3f8bdf7200bebc54afb1e3fd3"},
    {file = "jaxtyping-0.2.31.tar.gz", hash = "sha256:83c7c0bfae1d1ce25801480b5572d96c0f2b889785b4e50bdc25a07058b7bd50"},
]

[[package]]
name = "lineax"
version = "0.0.5"
requires_python = "~=3.9"
summary = "Linear solvers in JAX and Equinox."
groups = ["default"]
dependencies = [
    "equinox>=0.11.3",
    "jax>=0.4.26",
    "jaxtyping>=0.2.20",
    "typing-extensions>=4.5.0",
]
files = [
    {file = "lineax-0.0.5-py3-none-any.whl", hash = "sha256:601bcd121b32707642a6bae65188d5925ff6f2c3c46a99954592a6e8be82ac63"},
    {file = "lineax-0.0.5.tar.gz", hash = "sha256:ed41098dbd94b639287f15682e19cd9ec1dc9ecad6844ee861536044a0e3285c"},
]

[[package]]
name = "ml-dtypes"
version = "0.4.0"
requires_python = ">=3.9"
summary = ""
groups = ["default"]
dependencies = [
    "numpy>1.20",
    "numpy>=1.21.2; python_version >= \"3.10\"",
    "numpy>=1.23.3; python_version >= \"3.11\"",
    "numpy>=1.26.0; python_version >= \"3.12\"",
]
files = [
    {file = "ml_dtypes-0.4.0-cp312-cp312-macosx_10_9_universal2.whl", hash = "sha256:ee9f91d4c4f9959a7e1051c141dc565f39e54435618152219769e24f5e9a4d06"},
    {file = "ml_dtypes-0.4.0-cp312-cp312-manylinux_2_17_aarch64.manylinux2014_aarch64.whl", hash = "sha256:ad6849a2db386b38e4d54fe13eb3293464561780531a918f8ef4c8169170dd49"},
    {file = "ml_dtypes-0.4.0-cp312-cp312-manylinux_2_17_x86_64.manylinux2014_x86_64.whl", hash = "sha256:eaa32979ebfde3a0d7c947cafbf79edc1ec77ac05ad0780ee86c1d8df70f2259"},
    {file = "ml_dtypes-0.4.0-cp312-cp312-win_amd64.whl", hash = "sha256:3b67ec73a697c88c1122038e0de46520e48dc2ec876d42cf61bc5efe3c0b7675"},
    {file = "ml_dtypes-0.4.0.tar.gz", hash = "sha256:eaf197e72f4f7176a19fe3cb8b61846b38c6757607e7bf9cd4b1d84cd3e74deb"},
]

[[package]]
name = "numpy"
version = "2.0.0"
requires_python = ">=3.9"
summary = "Fundamental package for array computing in Python"
groups = ["default"]
files = [
    {file = "numpy-2.0.0-cp312-cp312-macosx_10_9_x86_64.whl", hash = "sha256:354f373279768fa5a584bac997de6a6c9bc535c482592d7a813bb0c09be6c76f"},
    {file = "numpy-2.0.0-cp312-cp312-macosx_11_0_arm64.whl", hash = "sha256:4d2f62e55a4cd9c58c1d9a1c9edaedcd857a73cb6fda875bf79093f9d9086f85"},
    {file = "numpy-2.0.0-cp312-cp312-macosx_14_0_arm64.whl", hash = "sha256:1e72728e7501a450288fc8e1f9ebc73d90cfd4671ebbd631f3e7857c39bd16f2"},
    {file = "numpy-2.0.0-cp312-cp312-macosx_14_0_x86_64.whl", hash = "sha256:84554fc53daa8f6abf8e8a66e076aff6ece62de68523d9f665f32d2fc50fd66e"},
    {file = "numpy-2.0.0-cp312-cp312-manylinux_2_17_aarch64.manylinux2014_aarch64.whl", hash = "sha256:c73aafd1afca80afecb22718f8700b40ac7cab927b8abab3c3e337d70e10e5a2"},
    {file = "numpy-2.0.0-cp312-cp312-manylinux_2_17_x86_64.manylinux2014_x86_64.whl", hash = "sha256:49d9f7d256fbc804391a7f72d4a617302b1afac1112fac19b6c6cec63fe7fe8a"},
    {file = "numpy-2.0.0-cp312-cp312-musllinux_1_1_x86_64.whl", hash = "sha256:0ec84b9ba0654f3b962802edc91424331f423dcf5d5f926676e0150789cb3d95"},
    {file = "numpy-2.0.0-cp312-cp312-musllinux_1_2_aarch64.whl", hash = "sha256:feff59f27338135776f6d4e2ec7aeeac5d5f7a08a83e80869121ef8164b74af9"},
    {file = "numpy-2.0.0-cp312-cp312-win32.whl", hash = "sha256:c5a59996dc61835133b56a32ebe4ef3740ea5bc19b3983ac60cc32be5a665d54"},
    {file = "numpy-2.0.0-cp312-cp312-win_amd64.whl", hash = "sha256:a356364941fb0593bb899a1076b92dfa2029f6f5b8ba88a14fd0984aaf76d0df"},
    {file = "numpy-2.0.0-pp39-pypy39_pp73-macosx_10_9_x86_64.whl", hash = "sha256:9416a5c2e92ace094e9f0082c5fd473502c91651fb896bc17690d6fc475128d6"},
    {file = "numpy-2.0.0-pp39-pypy39_pp73-macosx_14_0_x86_64.whl", hash = "sha256:17067d097ed036636fa79f6a869ac26df7db1ba22039d962422506640314933a"},
    {file = "numpy-2.0.0-pp39-pypy39_pp73-manylinux_2_17_x86_64.manylinux2014_x86_64.whl", hash = "sha256:38ecb5b0582cd125f67a629072fed6f83562d9dd04d7e03256c9829bdec027ad"},
    {file = "numpy-2.0.0-pp39-pypy39_pp73-win_amd64.whl", hash = "sha256:cef04d068f5fb0518a77857953193b6bb94809a806bd0a14983a8f12ada060c9"},
    {file = "numpy-2.0.0.tar.gz", hash = "sha256:cf5d1c9e6837f8af9f92b6bd3e86d513cdc11f60fd62185cc49ec7d1aba34864"},
]

[[package]]
name = "opt-einsum"
version = "3.3.0"
requires_python = ">=3.5"
summary = "Optimizing numpys einsum function"
groups = ["default"]
dependencies = [
    "numpy>=1.7",
]
files = [
    {file = "opt_einsum-3.3.0-py3-none-any.whl", hash = "sha256:2455e59e3947d3c275477df7f5205b30635e266fe6dc300e3d9f9646bfcea147"},
    {file = "opt_einsum-3.3.0.tar.gz", hash = "sha256:59f6475f77bbc37dcf7cd748519c0ec60722e91e63ca114e68821c0c54a46549"},
]

[[package]]
name = "optax"
version = "0.2.2"
requires_python = ">=3.9"
summary = "A gradient processing and optimisation library in JAX."
groups = ["default"]
dependencies = [
    "absl-py>=0.7.1",
    "chex>=0.1.86",
    "jax>=0.1.55",
    "jaxlib>=0.1.37",
    "numpy>=1.18.0",
]
files = [
    {file = "optax-0.2.2-py3-none-any.whl", hash = "sha256:411c414a76aae259f4191a60b712663968741a5163ca92fc250b5d5c7d36fb57"},
    {file = "optax-0.2.2.tar.gz", hash = "sha256:f09bf790ef4b09fb9c35f79a07594c6196a719919985f542dc84b0bf97812e0e"},
]

[[package]]
name = "optimistix"
version = "0.0.7"
requires_python = "~=3.9"
summary = "Nonlinear optimisation in JAX and Equinox."
groups = ["default"]
dependencies = [
    "equinox>=0.11.1",
    "jax>=0.4.18",
    "jaxtyping>=0.2.23",
    "lineax>=0.0.4",
    "typing-extensions>=4.5.0",
]
files = [
    {file = "optimistix-0.0.7-py3-none-any.whl", hash = "sha256:7d1b1b3ab5462142d38f7e1171b597e3df591c7c33de43f85435dc7c0b9aa317"},
    {file = "optimistix-0.0.7.tar.gz", hash = "sha256:0c649293b01c2029a5f9878fbb912d4977105830b4368b0d44b710b621c49ac3"},
]

[[package]]
name = "pydantic"
version = "2.8.2"
requires_python = ">=3.8"
summary = "Data validation using Python type hints"
groups = ["default"]
dependencies = [
    "annotated-types>=0.4.0",
    "pydantic-core==2.20.1",
    "typing-extensions>=4.12.2; python_version >= \"3.13\"",
    "typing-extensions>=4.6.1; python_version < \"3.13\"",
]
files = [
    {file = "pydantic-2.8.2-py3-none-any.whl", hash = "sha256:73ee9fddd406dc318b885c7a2eab8a6472b68b8fb5ba8150949fc3db939f23c8"},
    {file = "pydantic-2.8.2.tar.gz", hash = "sha256:6f62c13d067b0755ad1c21a34bdd06c0c12625a22b0fc09c6b149816604f7c2a"},
]

[[package]]
name = "pydantic-core"
version = "2.20.1"
requires_python = ">=3.8"
summary = "Core functionality for Pydantic validation and serialization"
groups = ["default"]
dependencies = [
    "typing-extensions!=4.7.0,>=4.6.0",
]
files = [
    {file = "pydantic_core-2.20.1-cp312-cp312-macosx_10_12_x86_64.whl", hash = "sha256:595ba5be69b35777474fa07f80fc260ea71255656191adb22a8c53aba4479231"},
    {file = "pydantic_core-2.20.1-cp312-cp312-macosx_11_0_arm64.whl", hash = "sha256:a4f55095ad087474999ee28d3398bae183a66be4823f753cd7d67dd0153427c9"},
    {file = "pydantic_core-2.20.1-cp312-cp312-manylinux_2_17_aarch64.manylinux2014_aarch64.whl", hash = "sha256:f9aa05d09ecf4c75157197f27cdc9cfaeb7c5f15021c6373932bf3e124af029f"},
    {file = "pydantic_core-2.20.1-cp312-cp312-manylinux_2_17_armv7l.manylinux2014_armv7l.whl", hash = "sha256:e97fdf088d4b31ff4ba35db26d9cc472ac7ef4a2ff2badeabf8d727b3377fc52"},
    {file = "pydantic_core-2.20.1-cp312-cp312-manylinux_2_17_ppc64le.manylinux2014_ppc64le.whl", hash = "sha256:bc633a9fe1eb87e250b5c57d389cf28998e4292336926b0b6cdaee353f89a237"},
    {file = "pydantic_core-2.20.1-cp312-cp312-manylinux_2_17_s390x.manylinux2014_s390x.whl", hash = "sha256:d573faf8eb7e6b1cbbcb4f5b247c60ca8be39fe2c674495df0eb4318303137fe"},
    {file = "pydantic_core-2.20.1-cp312-cp312-manylinux_2_17_x86_64.manylinux2014_x86_64.whl", hash = "sha256:26dc97754b57d2fd00ac2b24dfa341abffc380b823211994c4efac7f13b9e90e"},
    {file = "pydantic_core-2.20.1-cp312-cp312-manylinux_2_5_i686.manylinux1_i686.whl", hash = "sha256:33499e85e739a4b60c9dac710c20a08dc73cb3240c9a0e22325e671b27b70d24"},
    {file = "pydantic_core-2.20.1-cp312-cp312-musllinux_1_1_aarch64.whl", hash = "sha256:bebb4d6715c814597f85297c332297c6ce81e29436125ca59d1159b07f423eb1"},
    {file = "pydantic_core-2.20.1-cp312-cp312-musllinux_1_1_x86_64.whl", hash = "sha256:516d9227919612425c8ef1c9b869bbbee249bc91912c8aaffb66116c0b447ebd"},
    {file = "pydantic_core-2.20.1-cp312-none-win32.whl", hash = "sha256:469f29f9093c9d834432034d33f5fe45699e664f12a13bf38c04967ce233d688"},
    {file = "pydantic_core-2.20.1-cp312-none-win_amd64.whl", hash = "sha256:035ede2e16da7281041f0e626459bcae33ed998cca6a0a007a5ebb73414ac72d"},
    {file = "pydantic_core-2.20.1-cp313-cp313-macosx_10_12_x86_64.whl", hash = "sha256:0827505a5c87e8aa285dc31e9ec7f4a17c81a813d45f70b1d9164e03a813a686"},
    {file = "pydantic_core-2.20.1-cp313-cp313-macosx_11_0_arm64.whl", hash = "sha256:19c0fa39fa154e7e0b7f82f88ef85faa2a4c23cc65aae2f5aea625e3c13c735a"},
    {file = "pydantic_core-2.20.1-cp313-cp313-manylinux_2_17_aarch64.manylinux2014_aarch64.whl", hash = "sha256:4aa223cd1e36b642092c326d694d8bf59b71ddddc94cdb752bbbb1c5c91d833b"},
    {file = "pydantic_core-2.20.1-cp313-cp313-manylinux_2_17_armv7l.manylinux2014_armv7l.whl", hash = "sha256:c336a6d235522a62fef872c6295a42ecb0c4e1d0f1a3e500fe949415761b8a19"},
    {file = "pydantic_core-2.20.1-cp313-cp313-manylinux_2_17_ppc64le.manylinux2014_ppc64le.whl", hash = "sha256:7eb6a0587eded33aeefea9f916899d42b1799b7b14b8f8ff2753c0ac1741edac"},
    {file = "pydantic_core-2.20.1-cp313-cp313-manylinux_2_17_s390x.manylinux2014_s390x.whl", hash = "sha256:70c8daf4faca8da5a6d655f9af86faf6ec2e1768f4b8b9d0226c02f3d6209703"},
    {file = "pydantic_core-2.20.1-cp313-cp313-manylinux_2_17_x86_64.manylinux2014_x86_64.whl", hash = "sha256:e9fa4c9bf273ca41f940bceb86922a7667cd5bf90e95dbb157cbb8441008482c"},
    {file = "pydantic_core-2.20.1-cp313-cp313-manylinux_2_5_i686.manylinux1_i686.whl", hash = "sha256:11b71d67b4725e7e2a9f6e9c0ac1239bbc0c48cce3dc59f98635efc57d6dac83"},
    {file = "pydantic_core-2.20.1-cp313-cp313-musllinux_1_1_aarch64.whl", hash = "sha256:270755f15174fb983890c49881e93f8f1b80f0b5e3a3cc1394a255706cabd203"},
    {file = "pydantic_core-2.20.1-cp313-cp313-musllinux_1_1_x86_64.whl", hash = "sha256:c81131869240e3e568916ef4c307f8b99583efaa60a8112ef27a366eefba8ef0"},
    {file = "pydantic_core-2.20.1-cp313-none-win32.whl", hash = "sha256:b91ced227c41aa29c672814f50dbb05ec93536abf8f43cd14ec9521ea09afe4e"},
    {file = "pydantic_core-2.20.1-cp313-none-win_amd64.whl", hash = "sha256:65db0f2eefcaad1a3950f498aabb4875c8890438bc80b19362cf633b87a8ab20"},
    {file = "pydantic_core-2.20.1-pp310-pypy310_pp73-macosx_10_12_x86_64.whl", hash = "sha256:a45f84b09ac9c3d35dfcf6a27fd0634d30d183205230a0ebe8373a0e8cfa0906"},
    {file = "pydantic_core-2.20.1-pp310-pypy310_pp73-macosx_11_0_arm64.whl", hash = "sha256:d02a72df14dfdbaf228424573a07af10637bd490f0901cee872c4f434a735b94"},
    {file = "pydantic_core-2.20.1-pp310-pypy310_pp73-manylinux_2_17_aarch64.manylinux2014_aarch64.whl", hash = "sha256:d2b27e6af28f07e2f195552b37d7d66b150adbaa39a6d327766ffd695799780f"},
    {file = "pydantic_core-2.20.1-pp310-pypy310_pp73-manylinux_2_17_x86_64.manylinux2014_x86_64.whl", hash = "sha256:084659fac3c83fd674596612aeff6041a18402f1e1bc19ca39e417d554468482"},
    {file = "pydantic_core-2.20.1-pp310-pypy310_pp73-manylinux_2_5_i686.manylinux1_i686.whl", hash = "sha256:242b8feb3c493ab78be289c034a1f659e8826e2233786e36f2893a950a719bb6"},
    {file = "pydantic_core-2.20.1-pp310-pypy310_pp73-musllinux_1_1_aarch64.whl", hash = "sha256:38cf1c40a921d05c5edc61a785c0ddb4bed67827069f535d794ce6bcded919fc"},
    {file = "pydantic_core-2.20.1-pp310-pypy310_pp73-musllinux_1_1_x86_64.whl", hash = "sha256:e0bbdd76ce9aa5d4209d65f2b27fc6e5ef1312ae6c5333c26db3f5ade53a1e99"},
    {file = "pydantic_core-2.20.1-pp310-pypy310_pp73-win_amd64.whl", hash = "sha256:254ec27fdb5b1ee60684f91683be95e5133c994cc54e86a0b0963afa25c8f8a6"},
    {file = "pydantic_core-2.20.1-pp39-pypy39_pp73-macosx_10_12_x86_64.whl", hash = "sha256:407653af5617f0757261ae249d3fba09504d7a71ab36ac057c938572d1bc9331"},
    {file = "pydantic_core-2.20.1-pp39-pypy39_pp73-macosx_11_0_arm64.whl", hash = "sha256:c693e916709c2465b02ca0ad7b387c4f8423d1db7b4649c551f27a529181c5ad"},
    {file = "pydantic_core-2.20.1-pp39-pypy39_pp73-manylinux_2_17_aarch64.manylinux2014_aarch64.whl", hash = "sha256:5b5ff4911aea936a47d9376fd3ab17e970cc543d1b68921886e7f64bd28308d1"},
    {file = "pydantic_core-2.20.1-pp39-pypy39_pp73-manylinux_2_17_x86_64.manylinux2014_x86_64.whl", hash = "sha256:177f55a886d74f1808763976ac4efd29b7ed15c69f4d838bbd74d9d09cf6fa86"},
    {file = "pydantic_core-2.20.1-pp39-pypy39_pp73-manylinux_2_5_i686.manylinux1_i686.whl", hash = "sha256:964faa8a861d2664f0c7ab0c181af0bea66098b1919439815ca8803ef136fc4e"},
    {file = "pydantic_core-2.20.1-pp39-pypy39_pp73-musllinux_1_1_aarch64.whl", hash = "sha256:4dd484681c15e6b9a977c785a345d3e378d72678fd5f1f3c0509608da24f2ac0"},
    {file = "pydantic_core-2.20.1-pp39-pypy39_pp73-musllinux_1_1_x86_64.whl", hash = "sha256:f6d6cff3538391e8486a431569b77921adfcdef14eb18fbf19b7c0a5294d4e6a"},
    {file = "pydantic_core-2.20.1-pp39-pypy39_pp73-win_amd64.whl", hash = "sha256:a6d511cc297ff0883bc3708b465ff82d7560193169a8b93260f74ecb0a5e08a7"},
    {file = "pydantic_core-2.20.1.tar.gz", hash = "sha256:26ca695eeee5f9f1aeeb211ffc12f10bcb6f71e2989988fda61dabd65db878d4"},
]

[[package]]
name = "scipy"
version = "1.14.0"
requires_python = ">=3.10"
summary = "Fundamental algorithms for scientific computing in Python"
groups = ["default"]
dependencies = [
    "numpy<2.3,>=1.23.5",
]
files = [
    {file = "scipy-1.14.0-cp312-cp312-macosx_10_9_x86_64.whl", hash = "sha256:bff2438ea1330e06e53c424893ec0072640dac00f29c6a43a575cbae4c99b2b9"},
    {file = "scipy-1.14.0-cp312-cp312-macosx_12_0_arm64.whl", hash = "sha256:bbc0471b5f22c11c389075d091d3885693fd3f5e9a54ce051b46308bc787e5d4"},
    {file = "scipy-1.14.0-cp312-cp312-macosx_14_0_arm64.whl", hash = "sha256:64b2ff514a98cf2bb734a9f90d32dc89dc6ad4a4a36a312cd0d6327170339eb0"},
    {file = "scipy-1.14.0-cp312-cp312-macosx_14_0_x86_64.whl", hash = "sha256:7d3da42fbbbb860211a811782504f38ae7aaec9de8764a9bef6b262de7a2b50f"},
    {file = "scipy-1.14.0-cp312-cp312-manylinux_2_17_aarch64.manylinux2014_aarch64.whl", hash = "sha256:d91db2c41dd6c20646af280355d41dfa1ec7eead235642178bd57635a3f82209"},
    {file = "scipy-1.14.0-cp312-cp312-manylinux_2_17_x86_64.manylinux2014_x86_64.whl", hash = "sha256:a01cc03bcdc777c9da3cfdcc74b5a75caffb48a6c39c8450a9a05f82c4250a14"},
    {file = "scipy-1.14.0-cp312-cp312-musllinux_1_1_x86_64.whl", hash = "sha256:65df4da3c12a2bb9ad52b86b4dcf46813e869afb006e58be0f516bc370165159"},
    {file = "scipy-1.14.0-cp312-cp312-win_amd64.whl", hash = "sha256:4c4161597c75043f7154238ef419c29a64ac4a7c889d588ea77690ac4d0d9b20"},
    {file = "scipy-1.14.0.tar.gz", hash = "sha256:b5923f48cb840380f9854339176ef21763118a7300a88203ccd0bdd26e58527b"},
]

[[package]]
name = "setuptools"
version = "70.2.0"
requires_python = ">=3.8"
summary = "Easily download, build, install, upgrade, and uninstall Python packages"
groups = ["default"]
marker = "python_version >= \"3.12\""
files = [
    {file = "setuptools-70.2.0-py3-none-any.whl", hash = "sha256:b8b8060bb426838fbe942479c90296ce976249451118ef566a5a0b7d8b78fb05"},
    {file = "setuptools-70.2.0.tar.gz", hash = "sha256:bd63e505105011b25c3c11f753f7e3b8465ea739efddaccef8f0efac2137bac1"},
]

[[package]]
name = "toolz"
version = "0.12.1"
requires_python = ">=3.7"
summary = "List processing tools and functional utilities"
groups = ["default"]
files = [
    {file = "toolz-0.12.1-py3-none-any.whl", hash = "sha256:d22731364c07d72eea0a0ad45bafb2c2937ab6fd38a3507bf55eae8744aa7d85"},
    {file = "toolz-0.12.1.tar.gz", hash = "sha256:ecca342664893f177a13dac0e6b41cbd8ac25a358e5f215316d43e2100224f4d"},
]

[[package]]
name = "typeguard"
version = "2.13.3"
requires_python = ">=3.5.3"
summary = "Run-time type checker for Python"
groups = ["default"]
files = [
    {file = "typeguard-2.13.3-py3-none-any.whl", hash = "sha256:5e3e3be01e887e7eafae5af63d1f36c849aaa94e3a0112097312aabfa16284f1"},
    {file = "typeguard-2.13.3.tar.gz", hash = "sha256:00edaa8da3a133674796cf5ea87d9f4b4c367d77476e185e80251cc13dfbb8c4"},
]

[[package]]
name = "typing-extensions"
version = "4.12.2"
requires_python = ">=3.8"
summary = "Backported and Experimental Type Hints for Python 3.8+"
groups = ["default"]
files = [
    {file = "typing_extensions-4.12.2-py3-none-any.whl", hash = "sha256:04e5ca0351e0f3f85c6853954072df659d0d13fac324d0072316b67d7794700d"},
    {file = "typing_extensions-4.12.2.tar.gz", hash = "sha256:1a7ead55c7e559dd4dee8856e3a88b41225abfe1ce8df57b7c13915fe121ffb8"},
]
